// !$*UTF8*$!
{
	archiveVersion = 1;
	classes = {
	};
	objectVersion = 77;
	objects = {

/* Begin PBXContainerItemProxy section */
		73A8C8652CB1908D00EECF0A /* PBXContainerItemProxy */ = {
			isa = PBXContainerItemProxy;
			containerPortal = 73A8C8432CB1908C00EECF0A /* Project object */;
			proxyType = 1;
			remoteGlobalIDString = 73A8C84A2CB1908C00EECF0A;
			remoteInfo = "reward-score";
		};
		73A8C86F2CB1908D00EECF0A /* PBXContainerItemProxy */ = {
			isa = PBXContainerItemProxy;
			containerPortal = 73A8C8432CB1908C00EECF0A /* Project object */;
			proxyType = 1;
			remoteGlobalIDString = 73A8C84A2CB1908C00EECF0A;
			remoteInfo = "reward-score";
		};
/* End PBXContainerItemProxy section */

/* Begin PBXFileReference section */
		73A8C84B2CB1908C00EECF0A /* reward-score.app */ = {isa = PBXFileReference; explicitFileType = wrapper.application; includeInIndex = 0; path = "reward-score.app"; sourceTree = BUILT_PRODUCTS_DIR; };
		73A8C8642CB1908D00EECF0A /* reward-scoreTests.xctest */ = {isa = PBXFileReference; explicitFileType = wrapper.cfbundle; includeInIndex = 0; path = "reward-scoreTests.xctest"; sourceTree = BUILT_PRODUCTS_DIR; };
		73A8C86E2CB1908D00EECF0A /* reward-scoreUITests.xctest */ = {isa = PBXFileReference; explicitFileType = wrapper.cfbundle; includeInIndex = 0; path = "reward-scoreUITests.xctest"; sourceTree = BUILT_PRODUCTS_DIR; };
/* End PBXFileReference section */

/* Begin PBXFileSystemSynchronizedBuildFileExceptionSet section */
		73A8C8762CB1908D00EECF0A /* Exceptions for "reward-score" folder in "reward-score" target */ = {
			isa = PBXFileSystemSynchronizedBuildFileExceptionSet;
			membershipExceptions = (
				Info.plist,
			);
			target = 73A8C84A2CB1908C00EECF0A /* reward-score */;
		};
/* End PBXFileSystemSynchronizedBuildFileExceptionSet section */

/* Begin PBXFileSystemSynchronizedRootGroup section */
		73A8C84D2CB1908C00EECF0A /* reward-score */ = {
			isa = PBXFileSystemSynchronizedRootGroup;
			exceptions = (
				73A8C8762CB1908D00EECF0A /* Exceptions for "reward-score" folder in "reward-score" target */,
			);
			path = "reward-score";
			sourceTree = "<group>";
		};
		73A8C8672CB1908D00EECF0A /* reward-scoreTests */ = {
			isa = PBXFileSystemSynchronizedRootGroup;
			path = "reward-scoreTests";
			sourceTree = "<group>";
		};
		73A8C8712CB1908D00EECF0A /* reward-scoreUITests */ = {
			isa = PBXFileSystemSynchronizedRootGroup;
			path = "reward-scoreUITests";
			sourceTree = "<group>";
		};
/* End PBXFileSystemSynchronizedRootGroup section */

/* Begin PBXFrameworksBuildPhase section */
		73A8C8482CB1908C00EECF0A /* Frameworks */ = {
			isa = PBXFrameworksBuildPhase;
			buildActionMask = 2147483647;
			files = (
			);
			runOnlyForDeploymentPostprocessing = 0;
		};
		73A8C8612CB1908D00EECF0A /* Frameworks */ = {
			isa = PBXFrameworksBuildPhase;
			buildActionMask = 2147483647;
			files = (
			);
			runOnlyForDeploymentPostprocessing = 0;
		};
		73A8C86B2CB1908D00EECF0A /* Frameworks */ = {
			isa = PBXFrameworksBuildPhase;
			buildActionMask = 2147483647;
			files = (
			);
			runOnlyForDeploymentPostprocessing = 0;
		};
/* End PBXFrameworksBuildPhase section */

/* Begin PBXGroup section */
		73A8C8422CB1908C00EECF0A = {
			isa = PBXGroup;
			children = (
				73A8C84D2CB1908C00EECF0A /* reward-score */,
				73A8C8672CB1908D00EECF0A /* reward-scoreTests */,
				73A8C8712CB1908D00EECF0A /* reward-scoreUITests */,
				73A8C84C2CB1908C00EECF0A /* Products */,
			);
			sourceTree = "<group>";
		};
		73A8C84C2CB1908C00EECF0A /* Products */ = {
			isa = PBXGroup;
			children = (
				73A8C84B2CB1908C00EECF0A /* reward-score.app */,
				73A8C8642CB1908D00EECF0A /* reward-scoreTests.xctest */,
				73A8C86E2CB1908D00EECF0A /* reward-scoreUITests.xctest */,
			);
			name = Products;
			sourceTree = "<group>";
		};
/* End PBXGroup section */

/* Begin PBXNativeTarget section */
		73A8C84A2CB1908C00EECF0A /* reward-score */ = {
			isa = PBXNativeTarget;
			buildConfigurationList = 73A8C8772CB1908D00EECF0A /* Build configuration list for PBXNativeTarget "reward-score" */;
			buildPhases = (
				73A8C8472CB1908C00EECF0A /* Sources */,
				73A8C8482CB1908C00EECF0A /* Frameworks */,
				73A8C8492CB1908C00EECF0A /* Resources */,
			);
			buildRules = (
			);
			dependencies = (
			);
			fileSystemSynchronizedGroups = (
				73A8C84D2CB1908C00EECF0A /* reward-score */,
			);
			name = "reward-score";
			packageProductDependencies = (
			);
			productName = "reward-score";
			productReference = 73A8C84B2CB1908C00EECF0A /* reward-score.app */;
			productType = "com.apple.product-type.application";
		};
		73A8C8632CB1908D00EECF0A /* reward-scoreTests */ = {
			isa = PBXNativeTarget;
			buildConfigurationList = 73A8C87C2CB1908D00EECF0A /* Build configuration list for PBXNativeTarget "reward-scoreTests" */;
			buildPhases = (
				73A8C8602CB1908D00EECF0A /* Sources */,
				73A8C8612CB1908D00EECF0A /* Frameworks */,
				73A8C8622CB1908D00EECF0A /* Resources */,
			);
			buildRules = (
			);
			dependencies = (
				73A8C8662CB1908D00EECF0A /* PBXTargetDependency */,
			);
			fileSystemSynchronizedGroups = (
				73A8C8672CB1908D00EECF0A /* reward-scoreTests */,
			);
			name = "reward-scoreTests";
			packageProductDependencies = (
			);
			productName = "reward-scoreTests";
			productReference = 73A8C8642CB1908D00EECF0A /* reward-scoreTests.xctest */;
			productType = "com.apple.product-type.bundle.unit-test";
		};
		73A8C86D2CB1908D00EECF0A /* reward-scoreUITests */ = {
			isa = PBXNativeTarget;
			buildConfigurationList = 73A8C87F2CB1908D00EECF0A /* Build configuration list for PBXNativeTarget "reward-scoreUITests" */;
			buildPhases = (
				73A8C86A2CB1908D00EECF0A /* Sources */,
				73A8C86B2CB1908D00EECF0A /* Frameworks */,
				73A8C86C2CB1908D00EECF0A /* Resources */,
			);
			buildRules = (
			);
			dependencies = (
				73A8C8702CB1908D00EECF0A /* PBXTargetDependency */,
			);
			fileSystemSynchronizedGroups = (
				73A8C8712CB1908D00EECF0A /* reward-scoreUITests */,
			);
			name = "reward-scoreUITests";
			packageProductDependencies = (
			);
			productName = "reward-scoreUITests";
			productReference = 73A8C86E2CB1908D00EECF0A /* reward-scoreUITests.xctest */;
			productType = "com.apple.product-type.bundle.ui-testing";
		};
/* End PBXNativeTarget section */

/* Begin PBXProject section */
		73A8C8432CB1908C00EECF0A /* Project object */ = {
			isa = PBXProject;
			attributes = {
				BuildIndependentTargetsInParallel = 1;
				LastSwiftUpdateCheck = 1600;
				LastUpgradeCheck = 1600;
				TargetAttributes = {
					73A8C84A2CB1908C00EECF0A = {
						CreatedOnToolsVersion = 16.0;
					};
					73A8C8632CB1908D00EECF0A = {
						CreatedOnToolsVersion = 16.0;
						TestTargetID = 73A8C84A2CB1908C00EECF0A;
					};
					73A8C86D2CB1908D00EECF0A = {
						CreatedOnToolsVersion = 16.0;
						TestTargetID = 73A8C84A2CB1908C00EECF0A;
					};
				};
			};
			buildConfigurationList = 73A8C8462CB1908C00EECF0A /* Build configuration list for PBXProject "reward-score" */;
			developmentRegion = en;
			hasScannedForEncodings = 0;
			knownRegions = (
				en,
				Base,
			);
			mainGroup = 73A8C8422CB1908C00EECF0A;
			minimizedProjectReferenceProxies = 1;
			preferredProjectObjectVersion = 77;
			productRefGroup = 73A8C84C2CB1908C00EECF0A /* Products */;
			projectDirPath = "";
			projectRoot = "";
			targets = (
				73A8C84A2CB1908C00EECF0A /* reward-score */,
				73A8C8632CB1908D00EECF0A /* reward-scoreTests */,
				73A8C86D2CB1908D00EECF0A /* reward-scoreUITests */,
			);
		};
/* End PBXProject section */

/* Begin PBXResourcesBuildPhase section */
		73A8C8492CB1908C00EECF0A /* Resources */ = {
			isa = PBXResourcesBuildPhase;
			buildActionMask = 2147483647;
			files = (
			);
			runOnlyForDeploymentPostprocessing = 0;
		};
		73A8C8622CB1908D00EECF0A /* Resources */ = {
			isa = PBXResourcesBuildPhase;
			buildActionMask = 2147483647;
			files = (
			);
			runOnlyForDeploymentPostprocessing = 0;
		};
		73A8C86C2CB1908D00EECF0A /* Resources */ = {
			isa = PBXResourcesBuildPhase;
			buildActionMask = 2147483647;
			files = (
			);
			runOnlyForDeploymentPostprocessing = 0;
		};
/* End PBXResourcesBuildPhase section */

/* Begin PBXSourcesBuildPhase section */
		73A8C8472CB1908C00EECF0A /* Sources */ = {
			isa = PBXSourcesBuildPhase;
			buildActionMask = 2147483647;
			files = (
			);
			runOnlyForDeploymentPostprocessing = 0;
		};
		73A8C8602CB1908D00EECF0A /* Sources */ = {
			isa = PBXSourcesBuildPhase;
			buildActionMask = 2147483647;
			files = (
			);
			runOnlyForDeploymentPostprocessing = 0;
		};
		73A8C86A2CB1908D00EECF0A /* Sources */ = {
			isa = PBXSourcesBuildPhase;
			buildActionMask = 2147483647;
			files = (
			);
			runOnlyForDeploymentPostprocessing = 0;
		};
/* End PBXSourcesBuildPhase section */

/* Begin PBXTargetDependency section */
		73A8C8662CB1908D00EECF0A /* PBXTargetDependency */ = {
			isa = PBXTargetDependency;
			target = 73A8C84A2CB1908C00EECF0A /* reward-score */;
			targetProxy = 73A8C8652CB1908D00EECF0A /* PBXContainerItemProxy */;
		};
		73A8C8702CB1908D00EECF0A /* PBXTargetDependency */ = {
			isa = PBXTargetDependency;
			target = 73A8C84A2CB1908C00EECF0A /* reward-score */;
			targetProxy = 73A8C86F2CB1908D00EECF0A /* PBXContainerItemProxy */;
		};
/* End PBXTargetDependency section */

/* Begin XCBuildConfiguration section */
		73A8C8782CB1908D00EECF0A /* Debug */ = {
			isa = XCBuildConfiguration;
			buildSettings = {
				ASSETCATALOG_COMPILER_APPICON_NAME = AppIcon;
				ASSETCATALOG_COMPILER_GLOBAL_ACCENT_COLOR_NAME = AccentColor;
				CODE_SIGN_STYLE = Automatic;
				CURRENT_PROJECT_VERSION = 1;
				DEVELOPMENT_TEAM = NSPJ9RY42B;
				GENERATE_INFOPLIST_FILE = YES;
				INFOPLIST_FILE = "reward-score/Info.plist";
				INFOPLIST_KEY_UIApplicationSupportsIndirectInputEvents = YES;
				INFOPLIST_KEY_UILaunchStoryboardName = LaunchScreen;
				INFOPLIST_KEY_UIMainStoryboardFile = Main;
				INFOPLIST_KEY_UISupportedInterfaceOrientations = UIInterfaceOrientationPortrait;
				INFOPLIST_KEY_UISupportedInterfaceOrientations_iPad = "UIInterfaceOrientationPortrait UIInterfaceOrientationPortraitUpsideDown";
				IPHONEOS_DEPLOYMENT_TARGET = 15.6;
				LD_RUNPATH_SEARCH_PATHS = (
					"$(inherited)",
					"@executable_path/Frameworks",
				);
				MARKETING_VERSION = 1.0;
				PRODUCT_BUNDLE_IDENTIFIER = "huangyouci.reward-score";
				PRODUCT_NAME = "$(TARGET_NAME)";
				SWIFT_EMIT_LOC_STRINGS = YES;
				SWIFT_VERSION = 5.0;
				TARGETED_DEVICE_FAMILY = "1,2";
			};
			name = Debug;
		};
		73A8C8792CB1908D00EECF0A /* Release */ = {
			isa = XCBuildConfiguration;
			buildSettings = {
				ASSETCATALOG_COMPILER_APPICON_NAME = AppIcon;
				ASSETCATALOG_COMPILER_GLOBAL_ACCENT_COLOR_NAME = AccentColor;
				CODE_SIGN_STYLE = Automatic;
				CURRENT_PROJECT_VERSION = 1;
				DEVELOPMENT_TEAM = NSPJ9RY42B;
				GENERATE_INFOPLIST_FILE = YES;
				INFOPLIST_FILE = "reward-score/Info.plist";
				INFOPLIST_KEY_UIApplicationSupportsIndirectInputEvents = YES;
				INFOPLIST_KEY_UILaunchStoryboardName = LaunchScreen;
				INFOPLIST_KEY_UIMainStoryboardFile = Main;
				INFOPLIST_KEY_UISupportedInterfaceOrientations = UIInterfaceOrientationPortrait;
				INFOPLIST_KEY_UISupportedInterfaceOrientations_iPad = "UIInterfaceOrientationPortrait UIInterfaceOrientationPortraitUpsideDown";
				IPHONEOS_DEPLOYMENT_TARGET = 15.6;
				LD_RUNPATH_SEARCH_PATHS = (
					"$(inherited)",
					"@executable_path/Frameworks",
				);
				MARKETING_VERSION = 1.0;
				PRODUCT_BUNDLE_IDENTIFIER = "huangyouci.reward-score";
				PRODUCT_NAME = "$(TARGET_NAME)";
				SWIFT_EMIT_LOC_STRINGS = YES;
				SWIFT_VERSION = 5.0;
				TARGETED_DEVICE_FAMILY = "1,2";
			};
			name = Release;
		};
		73A8C87A2CB1908D00EECF0A /* Debug */ = {
			isa = XCBuildConfiguration;
			buildSettings = {
				ALWAYS_SEARCH_USER_PATHS = NO;
				ASSETCATALOG_COMPILER_GENERATE_SWIFT_ASSET_SYMBOL_EXTENSIONS = YES;
				CLANG_ANALYZER_NONNULL = YES;
				CLANG_ANALYZER_NUMBER_OBJECT_CONVERSION = YES_AGGRESSIVE;
				CLANG_CXX_LANGUAGE_STANDARD = "gnu++20";
				CLANG_ENABLE_MODULES = YES;
				CLANG_ENABLE_OBJC_ARC = YES;
				CLANG_ENABLE_OBJC_WEAK = YES;
				CLANG_WARN_BLOCK_CAPTURE_AUTORELEASING = YES;
				CLANG_WARN_BOOL_CONVERSION = YES;
				CLANG_WARN_COMMA = YES;
				CLANG_WARN_CONSTANT_CONVERSION = YES;
				CLANG_WARN_DEPRECATED_OBJC_IMPLEMENTATIONS = YES;
				CLANG_WARN_DIRECT_OBJC_ISA_USAGE = YES_ERROR;
				CLANG_WARN_DOCUMENTATION_COMMENTS = YES;
				CLANG_WARN_EMPTY_BODY = YES;
				CLANG_WARN_ENUM_CONVERSION = YES;
				CLANG_WARN_INFINITE_RECURSION = YES;
				CLANG_WARN_INT_CONVERSION = YES;
				CLANG_WARN_NON_LITERAL_NULL_CONVERSION = YES;
				CLANG_WARN_OBJC_IMPLICIT_RETAIN_SELF = YES;
				CLANG_WARN_OBJC_LITERAL_CONVERSION = YES;
				CLANG_WARN_OBJC_ROOT_CLASS = YES_ERROR;
				CLANG_WARN_QUOTED_INCLUDE_IN_FRAMEWORK_HEADER = YES;
				CLANG_WARN_RANGE_LOOP_ANALYSIS = YES;
				CLANG_WARN_STRICT_PROTOTYPES = YES;
				CLANG_WARN_SUSPICIOUS_MOVE = YES;
				CLANG_WARN_UNGUARDED_AVAILABILITY = YES_AGGRESSIVE;
				CLANG_WARN_UNREACHABLE_CODE = YES;
				CLANG_WARN__DUPLICATE_METHOD_MATCH = YES;
				COPY_PHASE_STRIP = NO;
				DEBUG_INFORMATION_FORMAT = dwarf;
				ENABLE_STRICT_OBJC_MSGSEND = YES;
				ENABLE_TESTABILITY = YES;
				ENABLE_USER_SCRIPT_SANDBOXING = YES;
				GCC_C_LANGUAGE_STANDARD = gnu17;
				GCC_DYNAMIC_NO_PIC = NO;
				GCC_NO_COMMON_BLOCKS = YES;
				GCC_OPTIMIZATION_LEVEL = 0;
				GCC_PREPROCESSOR_DEFINITIONS = (
					"DEBUG=1",
					"$(inherited)",
				);
				GCC_WARN_64_TO_32_BIT_CONVERSION = YES;
				GCC_WARN_ABOUT_RETURN_TYPE = YES_ERROR;
				GCC_WARN_UNDECLARED_SELECTOR = YES;
				GCC_WARN_UNINITIALIZED_AUTOS = YES_AGGRESSIVE;
				GCC_WARN_UNUSED_FUNCTION = YES;
				GCC_WARN_UNUSED_VARIABLE = YES;
				IPHONEOS_DEPLOYMENT_TARGET = 18.0;
				LOCALIZATION_PREFERS_STRING_CATALOGS = YES;
				MTL_ENABLE_DEBUG_INFO = INCLUDE_SOURCE;
				MTL_FAST_MATH = YES;
				ONLY_ACTIVE_ARCH = YES;
				SDKROOT = iphoneos;
				SWIFT_ACTIVE_COMPILATION_CONDITIONS = "DEBUG $(inherited)";
				SWIFT_OPTIMIZATION_LEVEL = "-Onone";
			};
			name = Debug;
		};
		73A8C87B2CB1908D00EECF0A /* Release */ = {
			isa = XCBuildConfiguration;
			buildSettings = {
				ALWAYS_SEARCH_USER_PATHS = NO;
				ASSETCATALOG_COMPILER_GENERATE_SWIFT_ASSET_SYMBOL_EXTENSIONS = YES;
				CLANG_ANALYZER_NONNULL = YES;
				CLANG_ANALYZER_NUMBER_OBJECT_CONVERSION = YES_AGGRESSIVE;
				CLANG_CXX_LANGUAGE_STANDARD = "gnu++20";
				CLANG_ENABLE_MODULES = YES;
				CLANG_ENABLE_OBJC_ARC = YES;
				CLANG_ENABLE_OBJC_WEAK = YES;
				CLANG_WARN_BLOCK_CAPTURE_AUTORELEASING = YES;
				CLANG_WARN_BOOL_CONVERSION = YES;
				CLANG_WARN_COMMA = YES;
				CLANG_WARN_CONSTANT_CONVERSION = YES;
				CLANG_WARN_DEPRECATED_OBJC_IMPLEMENTATIONS = YES;
				CLANG_WARN_DIRECT_OBJC_ISA_USAGE = YES_ERROR;
				CLANG_WARN_DOCUMENTATION_COMMENTS = YES;
				CLANG_WARN_EMPTY_BODY = YES;
				CLANG_WARN_ENUM_CONVERSION = YES;
				CLANG_WARN_INFINITE_RECURSION = YES;
				CLANG_WARN_INT_CONVERSION = YES;
				CLANG_WARN_NON_LITERAL_NULL_CONVERSION = YES;
				CLANG_WARN_OBJC_IMPLICIT_RETAIN_SELF = YES;
				CLANG_WARN_OBJC_LITERAL_CONVERSION = YES;
				CLANG_WARN_OBJC_ROOT_CLASS = YES_ERROR;
				CLANG_WARN_QUOTED_INCLUDE_IN_FRAMEWORK_HEADER = YES;
				CLANG_WARN_RANGE_LOOP_ANALYSIS = YES;
				CLANG_WARN_STRICT_PROTOTYPES = YES;
				CLANG_WARN_SUSPICIOUS_MOVE = YES;
				CLANG_WARN_UNGUARDED_AVAILABILITY = YES_AGGRESSIVE;
				CLANG_WARN_UNREACHABLE_CODE = YES;
				CLANG_WARN__DUPLICATE_METHOD_MATCH = YES;
				COPY_PHASE_STRIP = NO;
				DEBUG_INFORMATION_FORMAT = "dwarf-with-dsym";
				ENABLE_NS_ASSERTIONS = NO;
				ENABLE_STRICT_OBJC_MSGSEND = YES;
				ENABLE_USER_SCRIPT_SANDBOXING = YES;
				GCC_C_LANGUAGE_STANDARD = gnu17;
				GCC_NO_COMMON_BLOCKS = YES;
				GCC_WARN_64_TO_32_BIT_CONVERSION = YES;
				GCC_WARN_ABOUT_RETURN_TYPE = YES_ERROR;
				GCC_WARN_UNDECLARED_SELECTOR = YES;
				GCC_WARN_UNINITIALIZED_AUTOS = YES_AGGRESSIVE;
				GCC_WARN_UNUSED_FUNCTION = YES;
				GCC_WARN_UNUSED_VARIABLE = YES;
				IPHONEOS_DEPLOYMENT_TARGET = 18.0;
				LOCALIZATION_PREFERS_STRING_CATALOGS = YES;
				MTL_ENABLE_DEBUG_INFO = NO;
				MTL_FAST_MATH = YES;
				SDKROOT = iphoneos;
				SWIFT_COMPILATION_MODE = wholemodule;
				VALIDATE_PRODUCT = YES;
			};
			name = Release;
		};
		73A8C87D2CB1908D00EECF0A /* Debug */ = {
			isa = XCBuildConfiguration;
			buildSettings = {
				BUNDLE_LOADER = "$(TEST_HOST)";
				CODE_SIGN_STYLE = Automatic;
				CURRENT_PROJECT_VERSION = 1;
				GENERATE_INFOPLIST_FILE = YES;
				IPHONEOS_DEPLOYMENT_TARGET = 18.0;
				MARKETING_VERSION = 1.0;
				PRODUCT_BUNDLE_IDENTIFIER = "huangyouci.reward-scoreTests";
				PRODUCT_NAME = "$(TARGET_NAME)";
				SWIFT_EMIT_LOC_STRINGS = NO;
				SWIFT_VERSION = 5.0;
				TARGETED_DEVICE_FAMILY = "1,2";
				TEST_HOST = "$(BUILT_PRODUCTS_DIR)/reward-score.app/$(BUNDLE_EXECUTABLE_FOLDER_PATH)/reward-score";
			};
			name = Debug;
		};
		73A8C87E2CB1908D00EECF0A /* Release */ = {
			isa = XCBuildConfiguration;
			buildSettings = {
				BUNDLE_LOADER = "$(TEST_HOST)";
				CODE_SIGN_STYLE = Automatic;
				CURRENT_PROJECT_VERSION = 1;
				GENERATE_INFOPLIST_FILE = YES;
				IPHONEOS_DEPLOYMENT_TARGET = 18.0;
				MARKETING_VERSION = 1.0;
				PRODUCT_BUNDLE_IDENTIFIER = "huangyouci.reward-scoreTests";
				PRODUCT_NAME = "$(TARGET_NAME)";
				SWIFT_EMIT_LOC_STRINGS = NO;
				SWIFT_VERSION = 5.0;
				TARGETED_DEVICE_FAMILY = "1,2";
				TEST_HOST = "$(BUILT_PRODUCTS_DIR)/reward-score.app/$(BUNDLE_EXECUTABLE_FOLDER_PATH)/reward-score";
			};
			name = Release;
		};
		73A8C8802CB1908D00EECF0A /* Debug */ = {
			isa = XCBuildConfiguration;
			buildSettings = {
				CODE_SIGN_STYLE = Automatic;
				CURRENT_PROJECT_VERSION = 1;
				GENERATE_INFOPLIST_FILE = YES;
				MARKETING_VERSION = 1.0;
				PRODUCT_BUNDLE_IDENTIFIER = "huangyouci.reward-scoreUITests";
				PRODUCT_NAME = "$(TARGET_NAME)";
				SWIFT_EMIT_LOC_STRINGS = NO;
				SWIFT_VERSION = 5.0;
				TARGETED_DEVICE_FAMILY = "1,2";
				TEST_TARGET_NAME = "reward-score";
			};
			name = Debug;
		};
		73A8C8812CB1908D00EECF0A /* Release */ = {
			isa = XCBuildConfiguration;
			buildSettings = {
				CODE_SIGN_STYLE = Automatic;
				CURRENT_PROJECT_VERSION = 1;
				GENERATE_INFOPLIST_FILE = YES;
				MARKETING_VERSION = 1.0;
				PRODUCT_BUNDLE_IDENTIFIER = "huangyouci.reward-scoreUITests";
				PRODUCT_NAME = "$(TARGET_NAME)";
				SWIFT_EMIT_LOC_STRINGS = NO;
				SWIFT_VERSION = 5.0;
				TARGETED_DEVICE_FAMILY = "1,2";
				TEST_TARGET_NAME = "reward-score";
			};
			name = Release;
		};
/* End XCBuildConfiguration section */

/* Begin XCConfigurationList section */
		73A8C8462CB1908C00EECF0A /* Build configuration list for PBXProject "reward-score" */ = {
			isa = XCConfigurationList;
			buildConfigurations = (
				73A8C87A2CB1908D00EECF0A /* Debug */,
				73A8C87B2CB1908D00EECF0A /* Release */,
			);
			defaultConfigurationIsVisible = 0;
			defaultConfigurationName = Release;
		};
		73A8C8772CB1908D00EECF0A /* Build configuration list for PBXNativeTarget "reward-score" */ = {
			isa = XCConfigurationList;
			buildConfigurations = (
				73A8C8782CB1908D00EECF0A /* Debug */,
				73A8C8792CB1908D00EECF0A /* Release */,
			);
			defaultConfigurationIsVisible = 0;
			defaultConfigurationName = Release;
		};
		73A8C87C2CB1908D00EECF0A /* Build configuration list for PBXNativeTarget "reward-scoreTests" */ = {
			isa = XCConfigurationList;
			buildConfigurations = (
				73A8C87D2CB1908D00EECF0A /* Debug */,
				73A8C87E2CB1908D00EECF0A /* Release */,
			);
			defaultConfigurationIsVisible = 0;
			defaultConfigurationName = Release;
		};
		73A8C87F2CB1908D00EECF0A /* Build configuration list for PBXNativeTarget "reward-scoreUITests" */ = {
			isa = XCConfigurationList;
			buildConfigurations = (
				73A8C8802CB1908D00EECF0A /* Debug */,
				73A8C8812CB1908D00EECF0A /* Release */,
			);
			defaultConfigurationIsVisible = 0;
			defaultConfigurationName = Release;
		};
/* End XCConfigurationList section */
	};
	rootObject = 73A8C8432CB1908C00EECF0A /* Project object */;
}
